
Microsoft Visual Studio Solution File, Format Version 12.00
# Visual Studio Version 16
VisualStudioVersion = 16.0.33423.256
MinimumVisualStudioVersion = 10.0.40219.1
Project("{FAE04EC0-301F-11D3-BF4B-00C04F79EFBC}") = "OOP_Lab_03", "OOP_Lab_03.csproj", "{C7EE6BD3-3D6A-495E-9204-942BF63D481C}"
EndProject
Global
	GlobalSection(SolutionConfigurationPlatforms) = preSolution
		Debug|Any CPU = Debug|Any CPU
		Release|Any CPU = Release|Any CPU
	EndGlobalSection
	GlobalSection(ProjectConfigurationPlatforms) = postSolution
		{C7EE6BD3-3D6A-495E-9204-942BF63D481C}.Debug|Any CPU.ActiveCfg = Debug|Any CPU
		{C7EE6BD3-3D6A-495E-9204-942BF63D481C}.Debug|Any CPU.Build.0 = Debug|Any CPU
		{C7EE6BD3-3D6A-495E-9204-942BF63D481C}.Release|Any CPU.ActiveCfg = Release|Any CPU
		{C7EE6BD3-3D6A-495E-9204-942BF63D481C}.Release|Any CPU.Build.0 = Release|Any CPU
	EndGlobalSection
	GlobalSection(SolutionProperties) = preSolution
		HideSolutionNode = FALSE
	EndGlobalSection
	GlobalSection(ExtensibilityGlobals) = postSolution
		SolutionGuid = {C3DA277A-4AB6-4C8F-8F13-E7349F2D72AD}
	EndGlobalSection
EndGlobal
