
Microsoft Visual Studio Solution File, Format Version 12.00
# Visual Studio Version 16
VisualStudioVersion = 16.0.33423.256
MinimumVisualStudioVersion = 10.0.40219.1
Project("{FAE04EC0-301F-11D3-BF4B-00C04F79EFBC}") = "2022CS1(SelfAssessment2)OOP_Lab_7", "2022CS1(SelfAssessment2)OOP_Lab_7.csproj", "{46475551-B9CA-4522-AEAF-81A82E61007D}"
EndProject
Global
	GlobalSection(SolutionConfigurationPlatforms) = preSolution
		Debug|Any CPU = Debug|Any CPU
		Release|Any CPU = Release|Any CPU
	EndGlobalSection
	GlobalSection(ProjectConfigurationPlatforms) = postSolution
		{46475551-B9CA-4522-AEAF-81A82E61007D}.Debug|Any CPU.ActiveCfg = Debug|Any CPU
		{46475551-B9CA-4522-AEAF-81A82E61007D}.Debug|Any CPU.Build.0 = Debug|Any CPU
		{46475551-B9CA-4522-AEAF-81A82E61007D}.Release|Any CPU.ActiveCfg = Release|Any CPU
		{46475551-B9CA-4522-AEAF-81A82E61007D}.Release|Any CPU.Build.0 = Release|Any CPU
	EndGlobalSection
	GlobalSection(SolutionProperties) = preSolution
		HideSolutionNode = FALSE
	EndGlobalSection
	GlobalSection(ExtensibilityGlobals) = postSolution
		SolutionGuid = {733F00F6-A092-44C5-98AC-9BA62F121838}
	EndGlobalSection
EndGlobal
