
Microsoft Visual Studio Solution File, Format Version 12.00
# Visual Studio Version 16
VisualStudioVersion = 16.0.33529.622
MinimumVisualStudioVersion = 10.0.40219.1
Project("{FAE04EC0-301F-11D3-BF4B-00C04F79EFBC}") = "2022CS1(SelfAssesment1)OOP_Lab_8", "2022CS1(SelfAssesment1)OOP_Lab_8.csproj", "{CFA6487F-C059-42C2-8A53-9C0ACF811D66}"
EndProject
Global
	GlobalSection(SolutionConfigurationPlatforms) = preSolution
		Debug|Any CPU = Debug|Any CPU
		Release|Any CPU = Release|Any CPU
	EndGlobalSection
	GlobalSection(ProjectConfigurationPlatforms) = postSolution
		{CFA6487F-C059-42C2-8A53-9C0ACF811D66}.Debug|Any CPU.ActiveCfg = Debug|Any CPU
		{CFA6487F-C059-42C2-8A53-9C0ACF811D66}.Debug|Any CPU.Build.0 = Debug|Any CPU
		{CFA6487F-C059-42C2-8A53-9C0ACF811D66}.Release|Any CPU.ActiveCfg = Release|Any CPU
		{CFA6487F-C059-42C2-8A53-9C0ACF811D66}.Release|Any CPU.Build.0 = Release|Any CPU
	EndGlobalSection
	GlobalSection(SolutionProperties) = preSolution
		HideSolutionNode = FALSE
	EndGlobalSection
	GlobalSection(ExtensibilityGlobals) = postSolution
		SolutionGuid = {0C52D6E6-E378-4C71-AA49-ECCE74C943A6}
	EndGlobalSection
EndGlobal
