
Microsoft Visual Studio Solution File, Format Version 12.00
# Visual Studio Version 16
VisualStudioVersion = 16.0.33423.256
MinimumVisualStudioVersion = 10.0.40219.1
Project("{FAE04EC0-301F-11D3-BF4B-00C04F79EFBC}") = "2022CS1(SelfAssesment2)OOP_Lab_7", "2022CS1(SelfAssesment2)OOP_Lab_7.csproj", "{C34BE5B8-B977-4445-8359-3D46A5A1EECA}"
EndProject
Global
	GlobalSection(SolutionConfigurationPlatforms) = preSolution
		Debug|Any CPU = Debug|Any CPU
		Release|Any CPU = Release|Any CPU
	EndGlobalSection
	GlobalSection(ProjectConfigurationPlatforms) = postSolution
		{C34BE5B8-B977-4445-8359-3D46A5A1EECA}.Debug|Any CPU.ActiveCfg = Debug|Any CPU
		{C34BE5B8-B977-4445-8359-3D46A5A1EECA}.Debug|Any CPU.Build.0 = Debug|Any CPU
		{C34BE5B8-B977-4445-8359-3D46A5A1EECA}.Release|Any CPU.ActiveCfg = Release|Any CPU
		{C34BE5B8-B977-4445-8359-3D46A5A1EECA}.Release|Any CPU.Build.0 = Release|Any CPU
	EndGlobalSection
	GlobalSection(SolutionProperties) = preSolution
		HideSolutionNode = FALSE
	EndGlobalSection
	GlobalSection(ExtensibilityGlobals) = postSolution
		SolutionGuid = {FE30E35D-CA88-495A-A5CE-12681C76B7E1}
	EndGlobalSection
EndGlobal
