
Microsoft Visual Studio Solution File, Format Version 12.00
# Visual Studio Version 16
VisualStudioVersion = 16.0.33423.256
MinimumVisualStudioVersion = 10.0.40219.1
Project("{FAE04EC0-301F-11D3-BF4B-00C04F79EFBC}") = "OOP_LAB_05", "OOP_LAB_05.csproj", "{BCD76E87-D0ED-4D4D-BB00-56FBDC7C7146}"
EndProject
Global
	GlobalSection(SolutionConfigurationPlatforms) = preSolution
		Debug|Any CPU = Debug|Any CPU
		Release|Any CPU = Release|Any CPU
	EndGlobalSection
	GlobalSection(ProjectConfigurationPlatforms) = postSolution
		{BCD76E87-D0ED-4D4D-BB00-56FBDC7C7146}.Debug|Any CPU.ActiveCfg = Debug|Any CPU
		{BCD76E87-D0ED-4D4D-BB00-56FBDC7C7146}.Debug|Any CPU.Build.0 = Debug|Any CPU
		{BCD76E87-D0ED-4D4D-BB00-56FBDC7C7146}.Release|Any CPU.ActiveCfg = Release|Any CPU
		{BCD76E87-D0ED-4D4D-BB00-56FBDC7C7146}.Release|Any CPU.Build.0 = Release|Any CPU
	EndGlobalSection
	GlobalSection(SolutionProperties) = preSolution
		HideSolutionNode = FALSE
	EndGlobalSection
	GlobalSection(ExtensibilityGlobals) = postSolution
		SolutionGuid = {95A89EFE-FC04-474B-8D64-EE61DB1F57DC}
	EndGlobalSection
EndGlobal
