
Microsoft Visual Studio Solution File, Format Version 12.00
# Visual Studio Version 16
VisualStudioVersion = 16.0.33423.256
MinimumVisualStudioVersion = 10.0.40219.1
Project("{FAE04EC0-301F-11D3-BF4B-00C04F79EFBC}") = "Self_Assesment_1", "Self_Assesment_1.csproj", "{23507DCF-58CF-4895-BFBB-A420988CFCC6}"
EndProject
Global
	GlobalSection(SolutionConfigurationPlatforms) = preSolution
		Debug|Any CPU = Debug|Any CPU
		Release|Any CPU = Release|Any CPU
	EndGlobalSection
	GlobalSection(ProjectConfigurationPlatforms) = postSolution
		{23507DCF-58CF-4895-BFBB-A420988CFCC6}.Debug|Any CPU.ActiveCfg = Debug|Any CPU
		{23507DCF-58CF-4895-BFBB-A420988CFCC6}.Debug|Any CPU.Build.0 = Debug|Any CPU
		{23507DCF-58CF-4895-BFBB-A420988CFCC6}.Release|Any CPU.ActiveCfg = Release|Any CPU
		{23507DCF-58CF-4895-BFBB-A420988CFCC6}.Release|Any CPU.Build.0 = Release|Any CPU
	EndGlobalSection
	GlobalSection(SolutionProperties) = preSolution
		HideSolutionNode = FALSE
	EndGlobalSection
	GlobalSection(ExtensibilityGlobals) = postSolution
		SolutionGuid = {BA2E95D1-3A2A-4DEA-B0AC-B41E7578AE12}
	EndGlobalSection
EndGlobal
